
Microsoft Visual Studio Solution File, Format Version 12.00
# Visual Studio 15
VisualStudioVersion = 15.0.27703.2035
MinimumVisualStudioVersion = 10.0.40219.1
Project("{FAE04EC0-301F-11D3-BF4B-00C04F79EFBC}") = "Koyomin2", "Koyomin2\Koyomin2.csproj", "{AA8B087A-68EA-4E99-AF6C-5B2A38889DDD}"
EndProject
Global
	GlobalSection(SolutionConfigurationPlatforms) = preSolution
		Debug|Any CPU = Debug|Any CPU
		Release|Any CPU = Release|Any CPU
	EndGlobalSection
	GlobalSection(ProjectConfigurationPlatforms) = postSolution
		{AA8B087A-68EA-4E99-AF6C-5B2A38889DDD}.Debug|Any CPU.ActiveCfg = Debug|Any CPU
		{AA8B087A-68EA-4E99-AF6C-5B2A38889DDD}.Debug|Any CPU.Build.0 = Debug|Any CPU
		{AA8B087A-68EA-4E99-AF6C-5B2A38889DDD}.Release|Any CPU.ActiveCfg = Release|Any CPU
		{AA8B087A-68EA-4E99-AF6C-5B2A38889DDD}.Release|Any CPU.Build.0 = Release|Any CPU
	EndGlobalSection
	GlobalSection(SolutionProperties) = preSolution
		HideSolutionNode = FALSE
	EndGlobalSection
	GlobalSection(ExtensibilityGlobals) = postSolution
		SolutionGuid = {8C2D6E65-9C9F-4562-BF51-1B7EB4CA25F1}
	EndGlobalSection
EndGlobal
